{
  "version": "5",
  "redirects": {
    "https://esm.sh/@supabase/supabase-js@2": "https://esm.sh/@supabase/supabase-js@2.116.0",
    "https://esm.sh/iceberg-js@^0.8.1?target=denonext": "https://esm.sh/iceberg-js@0.8.1?target=denonext"
  },
  "remote": {
    "https://deno.land/std@0.177.0/async/abortable.ts": "73acfb3ed7261ce0d930dbe89e43db8d34e017b063cf0eaa7d215477bf53442e",
    "https://deno.land/std@0.177.0/async/deadline.ts": "c5facb0b404eede83e38bd2717ea8ab34faa2ffb20ef87fd261fcba32ba307aa",
    "https://deno.land/std@0.177.0/async/debounce.ts": "adab11d04ca38d699444ac8a9d9856b4155e8dda2afd07ce78276c01ea5a4332",
    "https://deno.land/std@0.177.0/async/deferred.ts": "42790112f36a75a57db4a96d33974a936deb7b04d25c6084a9fa8a49f135def8",
    "https://deno.land/std@0.177.0/async/delay.ts": "73aa04cec034c84fc748c7be49bb15cac3dd43a57174bfdb7a4aec22c248f0dd",
    "https://deno.land/std@0.177.0/async/mod.ts": "f04344fa21738e5ad6bea37a6bfffd57c617c2d372bb9f9dcfd118a1b622e576",
    "https://deno.land/std@0.177.0/async/mux_async_iterator.ts": "70c7f2ee4e9466161350473ad61cac0b9f115cff4c552eaa7ef9d50c4cbb4cc9",
    "https://deno.land/std@0.177.0/async/pool.ts": "fd082bd4aaf26445909889435a5c74334c017847842ec035739b4ae637ae8260",
    "https://deno.land/std@0.177.0/async/retry.ts": "5efa3ba450ac0c07a40a82e2df296287b5013755d232049efd7ea2244f15b20f",
    "https://deno.land/std@0.177.0/async/tee.ts": "47e42d35f622650b02234d43803d0383a89eb4387e1b83b5a40106d18ae36757",
    "https://deno.land/std@0.177.0/http/server.ts": "cbb17b594651215ba95c01a395700684e569c165a567e4e04bba327f41197433",
    "https://deno.land/x/dotenv@v3.2.2/load.ts": "cbd76a0aee01aad8d09222afaa1dd04b84d9d3e44637503b01bf77a91df9e041",
    "https://deno.land/x/dotenv@v3.2.2/mod.ts": "077b48773de9205266a0b44c3c3a3c3083449ed64bb0b6cc461b95720678d38e",
    "https://deno.land/x/dotenv@v3.2.2/util.ts": "693730877b13f8ead2b79b2aa31e2a0652862f7dc0c5f6d2f313f4d39c7b7670",
    "https://esm.sh/@supabase/auth-js@2.116.0/denonext/auth-js.mjs": "c499313c350b5bc7c66f5a529a44bb98b16bcb4f5e42dcfbc0d71b3387c2f8db",
    "https://esm.sh/@supabase/functions-js@2.116.0/denonext/functions-js.mjs": "b4563dfbefd52b36879757f8aee5adbeb8e57001672affcf09aea692842325c2",
    "https://esm.sh/@supabase/phoenix@0.4.5/denonext/phoenix.mjs": "40bd2a70829cd847848baac58e635bacd83fd62188f6624b44e2c295341004eb",
    "https://esm.sh/@supabase/postgrest-js@2.116.0/denonext/postgrest-js.mjs": "8bcbe926ba450fe3b584f659a84cd62b43298b8ab7113b4f68389cb8630e876f",
    "https://esm.sh/@supabase/realtime-js@2.116.0/denonext/realtime-js.mjs": "c2aaa735183dcb94c62b43dfcb0c9e30ea1fd4c02ff16d77352a268ef5b3b897",
    "https://esm.sh/@supabase/storage-js@2.116.0/denonext/storage-js.mjs": "9f9f67c3c6087ab28280eb378525665043658b157102d272026f294447bac8c0",
    "https://esm.sh/@supabase/supabase-js@2.116.0": "a38014743786a06c7dbf095a99e9ef3b38c0ec16bff076fc7cd403991192b34e",
    "https://esm.sh/@supabase/supabase-js@2.116.0/denonext/dist/tracingRegistry.mjs": "0e1396a312a355c347c21e408cdf70f0dbf24fa0f1cd0211898bbdb8b97d4b31",
    "https://esm.sh/@supabase/supabase-js@2.116.0/denonext/supabase-js.mjs": "8ff7741567ff920877cbc944d0bfed51135fcc0597fdddbfd57033e3a2390ebe",
    "https://esm.sh/iceberg-js@0.8.1/denonext/iceberg-js.mjs": "d839d81a2e3966500ca2cdd0c1cb458e9608bacfc91f7bb67a69b2e878dcdb4f",
    "https://esm.sh/iceberg-js@0.8.1?target=denonext": "58c849d7fe2bf4eca4a84eb501e83c161a7d8c34ca1bec15a962b3bec3062633",
    "https://esm.sh/openai@4.0.0": "eb4d6cad2da8e6e020eb45e5dd649c035d995e302952e762c0134347e9938850",
    "https://esm.sh/openai@4.0.0/denonext/_shims/agent.mjs": "095b2fa67f336eea56a0e94b8faa709a0126134c3177d51d61af670b3152b10b",
    "https://esm.sh/openai@4.0.0/denonext/_shims/fetch.mjs": "ca01614fc5d7652e04d11de8cbc243f47403f5384abbe0b27ceeae4b3bc45ac7",
    "https://esm.sh/openai@4.0.0/denonext/_shims/fileFromPath.mjs": "4cfc55d51a0b00888524cd79017f0a2b2f5480dee216b9b698ae26a0df4b55b2",
    "https://esm.sh/openai@4.0.0/denonext/_shims/formdata.mjs": "c41d9ba6a7e29085424924c859c095c0dc49cc9e4866bde66b1d29232cc481e2",
    "https://esm.sh/openai@4.0.0/denonext/_shims/getMultipartRequestOptions.mjs": "4f82f7928b1cef6be5a18d0dfbe4b7d0e5b1de3f9a6d78dd6b8dfa8a71e4ad3d",
    "https://esm.sh/openai@4.0.0/denonext/_shims/node-readable.mjs": "4132d2f08a8040ec0973e3063e3a9c03aabe0fdd4e30e8c798700ab7f1810306",
    "https://esm.sh/openai@4.0.0/denonext/core.mjs": "57ba61997e9c3089c85591497c78224c5f4698fec196170d358a9e8760b0c9c8",
    "https://esm.sh/openai@4.0.0/denonext/openai.mjs": "ec457c5f9d7bfe41c18005a0bb68695ec66383b8c55c5c79f3ec64c526c0c642",
    "https://esm.sh/openai@4.0.0/denonext/pagination.mjs": "a735da79e37a837b5ea21b3a87efcd153f3c67f88db887c30aba1f7a97f918d0",
    "https://esm.sh/openai@4.0.0/denonext/resource.mjs": "1214dc8439420f92ae0de4e07899d6b66317a28fc66ca10c72d97e94ed92460a",
    "https://esm.sh/tslib@2.8.1/denonext/tslib.mjs": "c38da5dd6da6281964435002ce204cd586634fe3bdfb24a0ee116f48cf3292e9"
  },
  "workspace": {
    "dependencies": [
      "npm:@langchain/community@0.0.29",
      "npm:@langchain/core@0.1.29",
      "npm:@langchain/openai@0.0.10",
      "npm:@supabase/supabase-js@2.39.7",
      "npm:openai@4.28.4"
    ],
    "packageJson": {
      "dependencies": [
        "npm:@eslint/js@^9.30.1",
        "npm:@mantine/core@^8.1.3",
        "npm:@mantine/hooks@^8.1.3",
        "npm:@mantine/tiptap@^8.2.1",
        "npm:@notionhq/client@^4.0.1",
        "npm:@playwright/test@^1.54.1",
        "npm:@react-three/drei@^10.5.0",
        "npm:@react-three/fiber@^9.2.0",
        "npm:@stripe/stripe-js@^7.4.0",
        "npm:@supabase/supabase-js@^2.52.1",
        "npm:@tabler/icons-react@^3.35.0",
        "npm:@tiptap/extension-placeholder@^3.0.7",
        "npm:@tiptap/pm@^3.0.7",
        "npm:@tiptap/react@^3.0.7",
        "npm:@tiptap/starter-kit@^3.0.7",
        "npm:@tryfabric/martian@^1.2.4",
        "npm:@types/react-dom@^19.1.6",
        "npm:@types/react@^19.1.8",
        "npm:@vercel/node@^5.3.6",
        "npm:@vitejs/plugin-react@^4.6.0",
        "npm:chart.js@^4.5.0",
        "npm:dotenv@^17.2.3",
        "npm:esbuild@~0.25.8",
        "npm:eslint-plugin-react-hooks@^5.2.0",
        "npm:eslint-plugin-react-refresh@~0.4.20",
        "npm:eslint-plugin-unused-imports@^4.1.4",
        "npm:eslint@^9.31.0",
        "npm:framer-motion@^12.23.3",
        "npm:gh-pages@^6.3.0",
        "npm:globals@^16.3.0",
        "npm:gorsejs@0.5",
        "npm:node-fetch@3",
        "npm:openai@^5.10.2",
        "npm:playwright@^1.54.1",
        "npm:react-chartjs-2@^5.3.0",
        "npm:react-dom@^19.1.0",
        "npm:react-hook-form@^7.68.0",
        "npm:react-icons@^5.5.0",
        "npm:react-markdown@^10.1.0",
        "npm:react-router-dom@^7.6.3",
        "npm:react@^19.1.0",
        "npm:remark-gfm@^4.0.1",
        "npm:styled-components@^6.1.19",
        "npm:three@0.178",
        "npm:tsx@^4.20.3",
        "npm:typescript-eslint@^8.65.0",
        "npm:typescript@5.9.3",
        "npm:vite@^7.0.4",
        "npm:wait-on@^8.0.3",
        "npm:zod@^3.25.76"
      ]
    }
  }
}
